
Microsoft Visual Studio Solution File, Format Version 12.00
# Visual Studio Version 17
VisualStudioVersion = 17.14.36414.22 d17.14
MinimumVisualStudioVersion = 10.0.40219.1
Project("{FAE04EC0-301F-11D3-BF4B-00C04F79EFBC}") = "BlueberryTUI", "BlueberryTUI\BlueberryTUI.csproj", "{5E3B398A-DACE-4DFE-8EC2-B03F3B6C92CB}"
EndProject
Global
	GlobalSection(SolutionConfigurationPlatforms) = preSolution
		Debug|Any CPU = Debug|Any CPU
		Release|Any CPU = Release|Any CPU
	EndGlobalSection
	GlobalSection(ProjectConfigurationPlatforms) = postSolution
		{5E3B398A-DACE-4DFE-8EC2-B03F3B6C92CB}.Debug|Any CPU.ActiveCfg = Debug|Any CPU
		{5E3B398A-DACE-4DFE-8EC2-B03F3B6C92CB}.Debug|Any CPU.Build.0 = Debug|Any CPU
		{5E3B398A-DACE-4DFE-8EC2-B03F3B6C92CB}.Release|Any CPU.ActiveCfg = Release|Any CPU
		{5E3B398A-DACE-4DFE-8EC2-B03F3B6C92CB}.Release|Any CPU.Build.0 = Release|Any CPU
	EndGlobalSection
	GlobalSection(SolutionProperties) = preSolution
		HideSolutionNode = FALSE
	EndGlobalSection
	GlobalSection(ExtensibilityGlobals) = postSolution
		SolutionGuid = {5AF0B6DD-D36B-4515-B5E5-FF3A5BDCAC0A}
	EndGlobalSection
EndGlobal
